
Microsoft Visual Studio Solution File, Format Version 12.00
# Visual Studio 14
VisualStudioVersion = 14.0.25420.1
MinimumVisualStudioVersion = 10.0.40219.1
Project("{FAE04EC0-301F-11D3-BF4B-00C04F79EFBC}") = "TicTacToe", "TicTacToe\TicTacToe.csproj", "{90A73A5D-BEBB-48C0-A36A-6666BEB7ABD8}"
EndProject
Project("{2150E333-8FDC-42A3-9474-1A3956D46DE8}") = "Solution Items", "Solution Items", "{33BD6C09-A953-4D15-A395-9D77746492DF}"
	ProjectSection(SolutionItems) = preProject
		TextFile1.txt = TextFile1.txt
	EndProjectSection
EndProject
Global
	GlobalSection(SolutionConfigurationPlatforms) = preSolution
		Debug|Any CPU = Debug|Any CPU
		Release|Any CPU = Release|Any CPU
	EndGlobalSection
	GlobalSection(ProjectConfigurationPlatforms) = postSolution
		{90A73A5D-BEBB-48C0-A36A-6666BEB7ABD8}.Debug|Any CPU.ActiveCfg = Debug|Any CPU
		{90A73A5D-BEBB-48C0-A36A-6666BEB7ABD8}.Debug|Any CPU.Build.0 = Debug|Any CPU
		{90A73A5D-BEBB-48C0-A36A-6666BEB7ABD8}.Release|Any CPU.ActiveCfg = Release|Any CPU
		{90A73A5D-BEBB-48C0-A36A-6666BEB7ABD8}.Release|Any CPU.Build.0 = Release|Any CPU
	EndGlobalSection
	GlobalSection(SolutionProperties) = preSolution
		HideSolutionNode = FALSE
	EndGlobalSection
EndGlobal
